{
  "name": "js_tutorial",
  "lockfileVersion": 3,
  "requires": true,
  "packages": {
    "": {
      "dependencies": {
        "luisperez-palindrome": "^0.1.0"
      }
    },
    "node_modules/luisperez-palindrome": {
      "version": "0.1.0",
      "resolved": "https://registry.npmjs.org/luisperez-palindrome/-/luisperez-palindrome-0.1.0.tgz",
      "integrity": "sha512-IvKG5Cwo1TvAxrIPRRl+ZDZ4kV6GYNcaEOHv3l9TvtA6tTao/szSu7eY/ncwiQxb/fTeVNHxDGeZPub4wjdj0g==",
      "license": "ISC"
    }
  }
}
